// !$*UTF8*$!
{
	archiveVersion = 1;
	classes = {
	};
	objectVersion = 77;
	objects = {

/* Begin PBXBuildFile section */
		0A2F6F25DF3D5B611DBA6CDE /* MetricCard.swift in Sources */ = {isa = PBXBuildFile; fileRef = 05E5F9181CC5D878D2BBA2C9 /* MetricCard.swift */; };
		0BD678A3A889CBE83D8C02B7 /* DesignTokens.swift in Sources */ = {isa = PBXBuildFile; fileRef = 94AD68453F9363EEA8D941C0 /* DesignTokens.swift */; };
		2518D1173193A17A2A592EFE /* WorkoutLoggingModelTests.swift in Sources */ = {isa = PBXBuildFile; fileRef = 23100EA3224D421FB3BCC5F1 /* WorkoutLoggingModelTests.swift */; };
		2B2EC3F0A0D3F838F88CAA38 /* WorkoutSession.swift in Sources */ = {isa = PBXBuildFile; fileRef = 1B6A903C35986A8C0E07B2F3 /* WorkoutSession.swift */; };
		449CE4969A9BC366235F3328 /* ServicesPlaceholder.swift in Sources */ = {isa = PBXBuildFile; fileRef = 0F8C309332F2EE1F73948012 /* ServicesPlaceholder.swift */; };
		49AEF529E702CF8C939BED83 /* P4CESchema.swift in Sources */ = {isa = PBXBuildFile; fileRef = 4A41DE1FC9A991263F236A91 /* P4CESchema.swift */; };
		502BF282D509A3CB1F03BAE8 /* Antonio-Regular.ttf in Resources */ = {isa = PBXBuildFile; fileRef = 484A1325265CF42A9FFF3824 /* Antonio-Regular.ttf */; };
		531083BFEDA6991C17706EDD /* Geist-Regular.ttf in Resources */ = {isa = PBXBuildFile; fileRef = E8CA20395CB41DFEC7BCBE9D /* Geist-Regular.ttf */; };
		55F9117C9492B27572CB1CD0 /* AthleteProfileTests.swift in Sources */ = {isa = PBXBuildFile; fileRef = D25969F9BE3507DF370C2810 /* AthleteProfileTests.swift */; };
		63D3E5E28A07EA4C7068FFE1 /* OnboardingSheetView.swift in Sources */ = {isa = PBXBuildFile; fileRef = BF92805341E17EE0D0959157 /* OnboardingSheetView.swift */; };
		64C3F6EDC9034E6B7E72F78B /* CoreLift.swift in Sources */ = {isa = PBXBuildFile; fileRef = A92E4B7E071EEE4716D53B9D /* CoreLift.swift */; };
		689B1007E81D3337C8B26BC8 /* ContentView.swift in Sources */ = {isa = PBXBuildFile; fileRef = B069B3F239D7476F7E74BCE3 /* ContentView.swift */; };
		7BC7D19E75A01BE53F1281FA /* WorkoutSessionStatus.swift in Sources */ = {isa = PBXBuildFile; fileRef = 16992EE5B01B1C7E05AD2CD4 /* WorkoutSessionStatus.swift */; };
		7D559B0328A6C3A03F872192 /* WorkoutExercise.swift in Sources */ = {isa = PBXBuildFile; fileRef = F4923300B9F3CA2165D266AF /* WorkoutExercise.swift */; };
		7F69742E51AF97611E7A1257 /* StrengthRootView.swift in Sources */ = {isa = PBXBuildFile; fileRef = 7FCE6EAF20F801CA4EEF6D98 /* StrengthRootView.swift */; };
		84B89884EAC1AEB3E34C8BF1 /* UnitConversion.swift in Sources */ = {isa = PBXBuildFile; fileRef = CDA0E17ED55F7767F37D37AE /* UnitConversion.swift */; };
		87930134CBCE223336E86B0A /* FeatureTabPlaceholder.swift in Sources */ = {isa = PBXBuildFile; fileRef = 1B6AD755203CB9B1D272A4E0 /* FeatureTabPlaceholder.swift */; };
		8D2766DFEBAC72DF431748DE /* AthleteProfile.swift in Sources */ = {isa = PBXBuildFile; fileRef = 772C12A92BCBFCE58EEDCB30 /* AthleteProfile.swift */; };
		90E2CDFD114E039CB8B37261 /* MainTabView.swift in Sources */ = {isa = PBXBuildFile; fileRef = 6DF5DB1ADD2E9D6EA90E7021 /* MainTabView.swift */; };
		92D7423C75FC7306D9B57AE1 /* SettingsView.swift in Sources */ = {isa = PBXBuildFile; fileRef = C13FB95091B8CE98A945E873 /* SettingsView.swift */; };
		A44CE0084CAD572EF93A660E /* SectionHeader.swift in Sources */ = {isa = PBXBuildFile; fileRef = 4081F1052CC7D3C55D2EAD72 /* SectionHeader.swift */; };
		A75E5EFB00472605B00B21A0 /* Typography.swift in Sources */ = {isa = PBXBuildFile; fileRef = 86EAEC71AC02BC13D539E468 /* Typography.swift */; };
		B6C8D59A0B621DC68AFF8526 /* PrimaryButton.swift in Sources */ = {isa = PBXBuildFile; fileRef = 0D849EA49A7D00C7E20A7BC4 /* PrimaryButton.swift */; };
		BF13C0226AE8444AC556BD25 /* JetBrainsMono-Regular.ttf in Resources */ = {isa = PBXBuildFile; fileRef = 894716921936B47AAFA60333 /* JetBrainsMono-Regular.ttf */; };
		CE806F6E3FC7F0418F8FD799 /* OnboardingViewModel.swift in Sources */ = {isa = PBXBuildFile; fileRef = 9F83126EC4F2BDB1BFEECC5B /* OnboardingViewModel.swift */; };
		CF044B2E9EF4D8868B172252 /* SetEntry.swift in Sources */ = {isa = PBXBuildFile; fileRef = 701BA67376BFE01CD4B73484 /* SetEntry.swift */; };
		D4195068D3808C5B58556DA2 /* AnalyticsRootView.swift in Sources */ = {isa = PBXBuildFile; fileRef = 9179B52D51E1FD729EBD3F8A /* AnalyticsRootView.swift */; };
		D847A7A24C7D51EFCA8CD2EB /* OneRMEditSheetView.swift in Sources */ = {isa = PBXBuildFile; fileRef = E1DA440C3E5C626F500A3B80 /* OneRMEditSheetView.swift */; };
		DAB58D7B28DF0CA48B383B1A /* P4CEApp.swift in Sources */ = {isa = PBXBuildFile; fileRef = 50072F66EAFEE0FA0558AF3E /* P4CEApp.swift */; };
		E04AE2ADD833EA1F497EC558 /* ReadinessPlaceholder.swift in Sources */ = {isa = PBXBuildFile; fileRef = 560C2490F91C02216068A985 /* ReadinessPlaceholder.swift */; };
		E338E0C27AD1E74DAB8EA84D /* OneRMEditViewModel.swift in Sources */ = {isa = PBXBuildFile; fileRef = 3A229CFDF578CE40A41745AE /* OneRMEditViewModel.swift */; };
		E57C10EBB7EF8223E2943363 /* DashboardView.swift in Sources */ = {isa = PBXBuildFile; fileRef = 3CA9DA16C50081FB316D79AE /* DashboardView.swift */; };
		E85305F5B881CCD2990A2D0C /* WorkoutRootView.swift in Sources */ = {isa = PBXBuildFile; fileRef = DD1C4C29210AF874B46FE108 /* WorkoutRootView.swift */; };
		EB4A26CD6A094F7EA9CC68EF /* SettingsViewModel.swift in Sources */ = {isa = PBXBuildFile; fileRef = 1038D68C675BAF39FFCAED7C /* SettingsViewModel.swift */; };
		ED29DB0160D1727C7E22407F /* LiftMax.swift in Sources */ = {isa = PBXBuildFile; fileRef = 79A10A5F38B8A153B7A4A67A /* LiftMax.swift */; };
		EE82D5A9AD76D934CDB30BAB /* PersistencePlaceholder.swift in Sources */ = {isa = PBXBuildFile; fileRef = 23A301AA99463229C4167F1F /* PersistencePlaceholder.swift */; };
		F28B6BF446A6A468C164427D /* DashboardViewModel.swift in Sources */ = {isa = PBXBuildFile; fileRef = BF5F6DD39C344BF795A02DC1 /* DashboardViewModel.swift */; };
		F3188765374817CBCEFC1F2D /* Assets.xcassets in Resources */ = {isa = PBXBuildFile; fileRef = DD63D9FE95368115A1D9F835 /* Assets.xcassets */; };
/* End PBXBuildFile section */

/* Begin PBXContainerItemProxy section */
		BC26312F01917672A696F4BE /* PBXContainerItemProxy */ = {
			isa = PBXContainerItemProxy;
			containerPortal = 899828678E75041D2D424F46 /* Project object */;
			proxyType = 1;
			remoteGlobalIDString = 98E9D8AABE06942E2B6DE1A3;
			remoteInfo = P4CE;
		};
/* End PBXContainerItemProxy section */

/* Begin PBXFileReference section */
		05E5F9181CC5D878D2BBA2C9 /* MetricCard.swift */ = {isa = PBXFileReference; lastKnownFileType = sourcecode.swift; path = MetricCard.swift; sourceTree = "<group>"; };
		0D849EA49A7D00C7E20A7BC4 /* PrimaryButton.swift */ = {isa = PBXFileReference; lastKnownFileType = sourcecode.swift; path = PrimaryButton.swift; sourceTree = "<group>"; };
		0F8C309332F2EE1F73948012 /* ServicesPlaceholder.swift */ = {isa = PBXFileReference; lastKnownFileType = sourcecode.swift; path = ServicesPlaceholder.swift; sourceTree = "<group>"; };
		1038D68C675BAF39FFCAED7C /* SettingsViewModel.swift */ = {isa = PBXFileReference; lastKnownFileType = sourcecode.swift; path = SettingsViewModel.swift; sourceTree = "<group>"; };
		16992EE5B01B1C7E05AD2CD4 /* WorkoutSessionStatus.swift */ = {isa = PBXFileReference; lastKnownFileType = sourcecode.swift; path = WorkoutSessionStatus.swift; sourceTree = "<group>"; };
		19483E2E8DBF4E587CD902C1 /* P4CE.app */ = {isa = PBXFileReference; includeInIndex = 0; lastKnownFileType = wrapper.application; path = P4CE.app; sourceTree = BUILT_PRODUCTS_DIR; };
		1B6A903C35986A8C0E07B2F3 /* WorkoutSession.swift */ = {isa = PBXFileReference; lastKnownFileType = sourcecode.swift; path = WorkoutSession.swift; sourceTree = "<group>"; };
		1B6AD755203CB9B1D272A4E0 /* FeatureTabPlaceholder.swift */ = {isa = PBXFileReference; lastKnownFileType = sourcecode.swift; path = FeatureTabPlaceholder.swift; sourceTree = "<group>"; };
		23100EA3224D421FB3BCC5F1 /* WorkoutLoggingModelTests.swift */ = {isa = PBXFileReference; lastKnownFileType = sourcecode.swift; path = WorkoutLoggingModelTests.swift; sourceTree = "<group>"; };
		23A301AA99463229C4167F1F /* PersistencePlaceholder.swift */ = {isa = PBXFileReference; lastKnownFileType = sourcecode.swift; path = PersistencePlaceholder.swift; sourceTree = "<group>"; };
		3A229CFDF578CE40A41745AE /* OneRMEditViewModel.swift */ = {isa = PBXFileReference; lastKnownFileType = sourcecode.swift; path = OneRMEditViewModel.swift; sourceTree = "<group>"; };
		3CA9DA16C50081FB316D79AE /* DashboardView.swift */ = {isa = PBXFileReference; lastKnownFileType = sourcecode.swift; path = DashboardView.swift; sourceTree = "<group>"; };
		4081F1052CC7D3C55D2EAD72 /* SectionHeader.swift */ = {isa = PBXFileReference; lastKnownFileType = sourcecode.swift; path = SectionHeader.swift; sourceTree = "<group>"; };
		484A1325265CF42A9FFF3824 /* Antonio-Regular.ttf */ = {isa = PBXFileReference; lastKnownFileType = file; path = "Antonio-Regular.ttf"; sourceTree = "<group>"; };
		4A41DE1FC9A991263F236A91 /* P4CESchema.swift */ = {isa = PBXFileReference; lastKnownFileType = sourcecode.swift; path = P4CESchema.swift; sourceTree = "<group>"; };
		50072F66EAFEE0FA0558AF3E /* P4CEApp.swift */ = {isa = PBXFileReference; lastKnownFileType = sourcecode.swift; path = P4CEApp.swift; sourceTree = "<group>"; };
		560C2490F91C02216068A985 /* ReadinessPlaceholder.swift */ = {isa = PBXFileReference; lastKnownFileType = sourcecode.swift; path = ReadinessPlaceholder.swift; sourceTree = "<group>"; };
		6DF5DB1ADD2E9D6EA90E7021 /* MainTabView.swift */ = {isa = PBXFileReference; lastKnownFileType = sourcecode.swift; path = MainTabView.swift; sourceTree = "<group>"; };
		701BA67376BFE01CD4B73484 /* SetEntry.swift */ = {isa = PBXFileReference; lastKnownFileType = sourcecode.swift; path = SetEntry.swift; sourceTree = "<group>"; };
		772C12A92BCBFCE58EEDCB30 /* AthleteProfile.swift */ = {isa = PBXFileReference; lastKnownFileType = sourcecode.swift; path = AthleteProfile.swift; sourceTree = "<group>"; };
		79A10A5F38B8A153B7A4A67A /* LiftMax.swift */ = {isa = PBXFileReference; lastKnownFileType = sourcecode.swift; path = LiftMax.swift; sourceTree = "<group>"; };
		7FCE6EAF20F801CA4EEF6D98 /* StrengthRootView.swift */ = {isa = PBXFileReference; lastKnownFileType = sourcecode.swift; path = StrengthRootView.swift; sourceTree = "<group>"; };
		80FA46BCE70B77EA2720D1CB /* P4CETests.xctest */ = {isa = PBXFileReference; includeInIndex = 0; lastKnownFileType = wrapper.cfbundle; path = P4CETests.xctest; sourceTree = BUILT_PRODUCTS_DIR; };
		86EAEC71AC02BC13D539E468 /* Typography.swift */ = {isa = PBXFileReference; lastKnownFileType = sourcecode.swift; path = Typography.swift; sourceTree = "<group>"; };
		894716921936B47AAFA60333 /* JetBrainsMono-Regular.ttf */ = {isa = PBXFileReference; lastKnownFileType = file; path = "JetBrainsMono-Regular.ttf"; sourceTree = "<group>"; };
		9179B52D51E1FD729EBD3F8A /* AnalyticsRootView.swift */ = {isa = PBXFileReference; lastKnownFileType = sourcecode.swift; path = AnalyticsRootView.swift; sourceTree = "<group>"; };
		94AD68453F9363EEA8D941C0 /* DesignTokens.swift */ = {isa = PBXFileReference; lastKnownFileType = sourcecode.swift; path = DesignTokens.swift; sourceTree = "<group>"; };
		9F83126EC4F2BDB1BFEECC5B /* OnboardingViewModel.swift */ = {isa = PBXFileReference; lastKnownFileType = sourcecode.swift; path = OnboardingViewModel.swift; sourceTree = "<group>"; };
		A92E4B7E071EEE4716D53B9D /* CoreLift.swift */ = {isa = PBXFileReference; lastKnownFileType = sourcecode.swift; path = CoreLift.swift; sourceTree = "<group>"; };
		B069B3F239D7476F7E74BCE3 /* ContentView.swift */ = {isa = PBXFileReference; lastKnownFileType = sourcecode.swift; path = ContentView.swift; sourceTree = "<group>"; };
		BF5F6DD39C344BF795A02DC1 /* DashboardViewModel.swift */ = {isa = PBXFileReference; lastKnownFileType = sourcecode.swift; path = DashboardViewModel.swift; sourceTree = "<group>"; };
		BF92805341E17EE0D0959157 /* OnboardingSheetView.swift */ = {isa = PBXFileReference; lastKnownFileType = sourcecode.swift; path = OnboardingSheetView.swift; sourceTree = "<group>"; };
		C13FB95091B8CE98A945E873 /* SettingsView.swift */ = {isa = PBXFileReference; lastKnownFileType = sourcecode.swift; path = SettingsView.swift; sourceTree = "<group>"; };
		CDA0E17ED55F7767F37D37AE /* UnitConversion.swift */ = {isa = PBXFileReference; lastKnownFileType = sourcecode.swift; path = UnitConversion.swift; sourceTree = "<group>"; };
		D25969F9BE3507DF370C2810 /* AthleteProfileTests.swift */ = {isa = PBXFileReference; lastKnownFileType = sourcecode.swift; path = AthleteProfileTests.swift; sourceTree = "<group>"; };
		D67F54F5C53701EB4A585CF8 /* Info.plist */ = {isa = PBXFileReference; lastKnownFileType = text.plist; path = Info.plist; sourceTree = "<group>"; };
		DD1C4C29210AF874B46FE108 /* WorkoutRootView.swift */ = {isa = PBXFileReference; lastKnownFileType = sourcecode.swift; path = WorkoutRootView.swift; sourceTree = "<group>"; };
		DD63D9FE95368115A1D9F835 /* Assets.xcassets */ = {isa = PBXFileReference; lastKnownFileType = folder.assetcatalog; path = Assets.xcassets; sourceTree = "<group>"; };
		E1DA440C3E5C626F500A3B80 /* OneRMEditSheetView.swift */ = {isa = PBXFileReference; lastKnownFileType = sourcecode.swift; path = OneRMEditSheetView.swift; sourceTree = "<group>"; };
		E8CA20395CB41DFEC7BCBE9D /* Geist-Regular.ttf */ = {isa = PBXFileReference; lastKnownFileType = file; path = "Geist-Regular.ttf"; sourceTree = "<group>"; };
		F4923300B9F3CA2165D266AF /* WorkoutExercise.swift */ = {isa = PBXFileReference; lastKnownFileType = sourcecode.swift; path = WorkoutExercise.swift; sourceTree = "<group>"; };
/* End PBXFileReference section */

/* Begin PBXGroup section */
		0FD75455B0C11EB33776CD1A /* Algorithms */ = {
			isa = PBXGroup;
			children = (
				CDA0E17ED55F7767F37D37AE /* UnitConversion.swift */,
			);
			path = Algorithms;
			sourceTree = "<group>";
		};
		1276D1E949AA4C494A1B6D15 /* Features */ = {
			isa = PBXGroup;
			children = (
				1B6AD755203CB9B1D272A4E0 /* FeatureTabPlaceholder.swift */,
				ED5F8DF45A2E170A645F2733 /* Analytics */,
				F299019EB49305D1E7590C42 /* Dashboard */,
				3DAC071ECA7217813025902B /* Readiness */,
				CA64791536011549057BEDBB /* Settings */,
				7A9E56F36A56EAC03558E741 /* Strength */,
				E283EBF950A0C2C539D5A34D /* Workout */,
			);
			path = Features;
			sourceTree = "<group>";
		};
		3DAC071ECA7217813025902B /* Readiness */ = {
			isa = PBXGroup;
			children = (
				560C2490F91C02216068A985 /* ReadinessPlaceholder.swift */,
			);
			path = Readiness;
			sourceTree = "<group>";
		};
		5B95F6142EBBC61937ADCC82 /* Models */ = {
			isa = PBXGroup;
			children = (
				772C12A92BCBFCE58EEDCB30 /* AthleteProfile.swift */,
				A92E4B7E071EEE4716D53B9D /* CoreLift.swift */,
				79A10A5F38B8A153B7A4A67A /* LiftMax.swift */,
			);
			path = Models;
			sourceTree = "<group>";
		};
		5D1EB45DB25F2D7393E9FF31 /* Persistence */ = {
			isa = PBXGroup;
			children = (
				4A41DE1FC9A991263F236A91 /* P4CESchema.swift */,
				23A301AA99463229C4167F1F /* PersistencePlaceholder.swift */,
			);
			path = Persistence;
			sourceTree = "<group>";
		};
		5FC64109C54075C0296AFB97 /* Components */ = {
			isa = PBXGroup;
			children = (
				05E5F9181CC5D878D2BBA2C9 /* MetricCard.swift */,
				0D849EA49A7D00C7E20A7BC4 /* PrimaryButton.swift */,
				4081F1052CC7D3C55D2EAD72 /* SectionHeader.swift */,
			);
			path = Components;
			sourceTree = "<group>";
		};
		7A9E56F36A56EAC03558E741 /* Strength */ = {
			isa = PBXGroup;
			children = (
				7FCE6EAF20F801CA4EEF6D98 /* StrengthRootView.swift */,
			);
			path = Strength;
			sourceTree = "<group>";
		};
		7B43F1789C8509540FCD2B6D /* P4CE */ = {
			isa = PBXGroup;
			children = (
				DD63D9FE95368115A1D9F835 /* Assets.xcassets */,
				B069B3F239D7476F7E74BCE3 /* ContentView.swift */,
				D67F54F5C53701EB4A585CF8 /* Info.plist */,
				6DF5DB1ADD2E9D6EA90E7021 /* MainTabView.swift */,
				50072F66EAFEE0FA0558AF3E /* P4CEApp.swift */,
				E7B4086D6B8C1F021CC0DB68 /* Core */,
				1276D1E949AA4C494A1B6D15 /* Features */,
				A42BF374CE5E1FA4C3693C72 /* Resources */,
			);
			path = P4CE;
			sourceTree = "<group>";
		};
		8ED513EBE7A224FEB05D0290 /* P4CETests */ = {
			isa = PBXGroup;
			children = (
				D25969F9BE3507DF370C2810 /* AthleteProfileTests.swift */,
				23100EA3224D421FB3BCC5F1 /* WorkoutLoggingModelTests.swift */,
			);
			path = P4CETests;
			sourceTree = "<group>";
		};
		A42BF374CE5E1FA4C3693C72 /* Resources */ = {
			isa = PBXGroup;
			children = (
				D5A69CA913FBE732568E10C0 /* Fonts */,
			);
			path = Resources;
			sourceTree = "<group>";
		};
		B8F541B86D9B7449F790ED08 = {
			isa = PBXGroup;
			children = (
				7B43F1789C8509540FCD2B6D /* P4CE */,
				8ED513EBE7A224FEB05D0290 /* P4CETests */,
				F459B824193FD854E89987A0 /* Products */,
			);
			sourceTree = "<group>";
		};
		CA64791536011549057BEDBB /* Settings */ = {
			isa = PBXGroup;
			children = (
				BF92805341E17EE0D0959157 /* OnboardingSheetView.swift */,
				9F83126EC4F2BDB1BFEECC5B /* OnboardingViewModel.swift */,
				E1DA440C3E5C626F500A3B80 /* OneRMEditSheetView.swift */,
				3A229CFDF578CE40A41745AE /* OneRMEditViewModel.swift */,
				C13FB95091B8CE98A945E873 /* SettingsView.swift */,
				1038D68C675BAF39FFCAED7C /* SettingsViewModel.swift */,
			);
			path = Settings;
			sourceTree = "<group>";
		};
		D18AAE3D10BFCE0D1037EB97 /* Models */ = {
			isa = PBXGroup;
			children = (
				701BA67376BFE01CD4B73484 /* SetEntry.swift */,
				F4923300B9F3CA2165D266AF /* WorkoutExercise.swift */,
				1B6A903C35986A8C0E07B2F3 /* WorkoutSession.swift */,
				16992EE5B01B1C7E05AD2CD4 /* WorkoutSessionStatus.swift */,
			);
			path = Models;
			sourceTree = "<group>";
		};
		D5A69CA913FBE732568E10C0 /* Fonts */ = {
			isa = PBXGroup;
			children = (
				484A1325265CF42A9FFF3824 /* Antonio-Regular.ttf */,
				E8CA20395CB41DFEC7BCBE9D /* Geist-Regular.ttf */,
				894716921936B47AAFA60333 /* JetBrainsMono-Regular.ttf */,
			);
			path = Fonts;
			sourceTree = "<group>";
		};
		DAB8B598E3BD1AD75FFFAA51 /* UI */ = {
			isa = PBXGroup;
			children = (
				94AD68453F9363EEA8D941C0 /* DesignTokens.swift */,
				86EAEC71AC02BC13D539E468 /* Typography.swift */,
				5FC64109C54075C0296AFB97 /* Components */,
			);
			path = UI;
			sourceTree = "<group>";
		};
		E283EBF950A0C2C539D5A34D /* Workout */ = {
			isa = PBXGroup;
			children = (
				DD1C4C29210AF874B46FE108 /* WorkoutRootView.swift */,
				D18AAE3D10BFCE0D1037EB97 /* Models */,
			);
			path = Workout;
			sourceTree = "<group>";
		};
		E7B4086D6B8C1F021CC0DB68 /* Core */ = {
			isa = PBXGroup;
			children = (
				0FD75455B0C11EB33776CD1A /* Algorithms */,
				5B95F6142EBBC61937ADCC82 /* Models */,
				5D1EB45DB25F2D7393E9FF31 /* Persistence */,
				F930E5F1DB48FF9C55A11ACF /* Services */,
				DAB8B598E3BD1AD75FFFAA51 /* UI */,
			);
			path = Core;
			sourceTree = "<group>";
		};
		ED5F8DF45A2E170A645F2733 /* Analytics */ = {
			isa = PBXGroup;
			children = (
				9179B52D51E1FD729EBD3F8A /* AnalyticsRootView.swift */,
			);
			path = Analytics;
			sourceTree = "<group>";
		};
		F299019EB49305D1E7590C42 /* Dashboard */ = {
			isa = PBXGroup;
			children = (
				3CA9DA16C50081FB316D79AE /* DashboardView.swift */,
				BF5F6DD39C344BF795A02DC1 /* DashboardViewModel.swift */,
			);
			path = Dashboard;
			sourceTree = "<group>";
		};
		F459B824193FD854E89987A0 /* Products */ = {
			isa = PBXGroup;
			children = (
				19483E2E8DBF4E587CD902C1 /* P4CE.app */,
				80FA46BCE70B77EA2720D1CB /* P4CETests.xctest */,
			);
			name = Products;
			sourceTree = "<group>";
		};
		F930E5F1DB48FF9C55A11ACF /* Services */ = {
			isa = PBXGroup;
			children = (
				0F8C309332F2EE1F73948012 /* ServicesPlaceholder.swift */,
			);
			path = Services;
			sourceTree = "<group>";
		};
/* End PBXGroup section */

/* Begin PBXNativeTarget section */
		98E9D8AABE06942E2B6DE1A3 /* P4CE */ = {
			isa = PBXNativeTarget;
			buildConfigurationList = 8A7F9FE959FCC6392C65CF41 /* Build configuration list for PBXNativeTarget "P4CE" */;
			buildPhases = (
				C980A08A744B58C9EDCFE453 /* Sources */,
				159493C6C6F1058D6CC8F54E /* Resources */,
			);
			buildRules = (
			);
			dependencies = (
			);
			name = P4CE;
			packageProductDependencies = (
			);
			productName = P4CE;
			productReference = 19483E2E8DBF4E587CD902C1 /* P4CE.app */;
			productType = "com.apple.product-type.application";
		};
		D283C3FAA0B7CBFA7E18A7BD /* P4CETests */ = {
			isa = PBXNativeTarget;
			buildConfigurationList = 0C4569CBC96296C32EA17725 /* Build configuration list for PBXNativeTarget "P4CETests" */;
			buildPhases = (
				1226FDF15E6B5363AAEE224B /* Sources */,
			);
			buildRules = (
			);
			dependencies = (
				10D4B280FB7AEDF75C1BA609 /* PBXTargetDependency */,
			);
			name = P4CETests;
			packageProductDependencies = (
			);
			productName = P4CETests;
			productReference = 80FA46BCE70B77EA2720D1CB /* P4CETests.xctest */;
			productType = "com.apple.product-type.bundle.unit-test";
		};
/* End PBXNativeTarget section */

/* Begin PBXProject section */
		899828678E75041D2D424F46 /* Project object */ = {
			isa = PBXProject;
			attributes = {
				BuildIndependentTargetsInParallel = YES;
				LastUpgradeCheck = 1430;
				TargetAttributes = {
					98E9D8AABE06942E2B6DE1A3 = {
						ProvisioningStyle = Automatic;
					};
				};
			};
			buildConfigurationList = 0A3D6E69572797FEAAC6A097 /* Build configuration list for PBXProject "P4CE" */;
			developmentRegion = en;
			hasScannedForEncodings = 0;
			knownRegions = (
				Base,
				en,
			);
			mainGroup = B8F541B86D9B7449F790ED08;
			minimizedProjectReferenceProxies = 1;
			preferredProjectObjectVersion = 77;
			productRefGroup = F459B824193FD854E89987A0 /* Products */;
			projectDirPath = "";
			projectRoot = "";
			targets = (
				98E9D8AABE06942E2B6DE1A3 /* P4CE */,
				D283C3FAA0B7CBFA7E18A7BD /* P4CETests */,
			);
		};
/* End PBXProject section */

/* Begin PBXResourcesBuildPhase section */
		159493C6C6F1058D6CC8F54E /* Resources */ = {
			isa = PBXResourcesBuildPhase;
			buildActionMask = 2147483647;
			files = (
				502BF282D509A3CB1F03BAE8 /* Antonio-Regular.ttf in Resources */,
				F3188765374817CBCEFC1F2D /* Assets.xcassets in Resources */,
				531083BFEDA6991C17706EDD /* Geist-Regular.ttf in Resources */,
				BF13C0226AE8444AC556BD25 /* JetBrainsMono-Regular.ttf in Resources */,
			);
			runOnlyForDeploymentPostprocessing = 0;
		};
/* End PBXResourcesBuildPhase section */

/* Begin PBXSourcesBuildPhase section */
		1226FDF15E6B5363AAEE224B /* Sources */ = {
			isa = PBXSourcesBuildPhase;
			buildActionMask = 2147483647;
			files = (
				55F9117C9492B27572CB1CD0 /* AthleteProfileTests.swift in Sources */,
				2518D1173193A17A2A592EFE /* WorkoutLoggingModelTests.swift in Sources */,
			);
			runOnlyForDeploymentPostprocessing = 0;
		};
		C980A08A744B58C9EDCFE453 /* Sources */ = {
			isa = PBXSourcesBuildPhase;
			buildActionMask = 2147483647;
			files = (
				D4195068D3808C5B58556DA2 /* AnalyticsRootView.swift in Sources */,
				8D2766DFEBAC72DF431748DE /* AthleteProfile.swift in Sources */,
				689B1007E81D3337C8B26BC8 /* ContentView.swift in Sources */,
				64C3F6EDC9034E6B7E72F78B /* CoreLift.swift in Sources */,
				E57C10EBB7EF8223E2943363 /* DashboardView.swift in Sources */,
				F28B6BF446A6A468C164427D /* DashboardViewModel.swift in Sources */,
				0BD678A3A889CBE83D8C02B7 /* DesignTokens.swift in Sources */,
				87930134CBCE223336E86B0A /* FeatureTabPlaceholder.swift in Sources */,
				ED29DB0160D1727C7E22407F /* LiftMax.swift in Sources */,
				90E2CDFD114E039CB8B37261 /* MainTabView.swift in Sources */,
				0A2F6F25DF3D5B611DBA6CDE /* MetricCard.swift in Sources */,
				63D3E5E28A07EA4C7068FFE1 /* OnboardingSheetView.swift in Sources */,
				CE806F6E3FC7F0418F8FD799 /* OnboardingViewModel.swift in Sources */,
				D847A7A24C7D51EFCA8CD2EB /* OneRMEditSheetView.swift in Sources */,
				E338E0C27AD1E74DAB8EA84D /* OneRMEditViewModel.swift in Sources */,
				DAB58D7B28DF0CA48B383B1A /* P4CEApp.swift in Sources */,
				49AEF529E702CF8C939BED83 /* P4CESchema.swift in Sources */,
				EE82D5A9AD76D934CDB30BAB /* PersistencePlaceholder.swift in Sources */,
				B6C8D59A0B621DC68AFF8526 /* PrimaryButton.swift in Sources */,
				E04AE2ADD833EA1F497EC558 /* ReadinessPlaceholder.swift in Sources */,
				A44CE0084CAD572EF93A660E /* SectionHeader.swift in Sources */,
				449CE4969A9BC366235F3328 /* ServicesPlaceholder.swift in Sources */,
				CF044B2E9EF4D8868B172252 /* SetEntry.swift in Sources */,
				92D7423C75FC7306D9B57AE1 /* SettingsView.swift in Sources */,
				EB4A26CD6A094F7EA9CC68EF /* SettingsViewModel.swift in Sources */,
				7F69742E51AF97611E7A1257 /* StrengthRootView.swift in Sources */,
				A75E5EFB00472605B00B21A0 /* Typography.swift in Sources */,
				84B89884EAC1AEB3E34C8BF1 /* UnitConversion.swift in Sources */,
				7D559B0328A6C3A03F872192 /* WorkoutExercise.swift in Sources */,
				E85305F5B881CCD2990A2D0C /* WorkoutRootView.swift in Sources */,
				2B2EC3F0A0D3F838F88CAA38 /* WorkoutSession.swift in Sources */,
				7BC7D19E75A01BE53F1281FA /* WorkoutSessionStatus.swift in Sources */,
			);
			runOnlyForDeploymentPostprocessing = 0;
		};
/* End PBXSourcesBuildPhase section */

/* Begin PBXTargetDependency section */
		10D4B280FB7AEDF75C1BA609 /* PBXTargetDependency */ = {
			isa = PBXTargetDependency;
			target = 98E9D8AABE06942E2B6DE1A3 /* P4CE */;
			targetProxy = BC26312F01917672A696F4BE /* PBXContainerItemProxy */;
		};
/* End PBXTargetDependency section */

/* Begin XCBuildConfiguration section */
		2B44F583125F75371C17D61A /* Release */ = {
			isa = XCBuildConfiguration;
			buildSettings = {
				ALWAYS_SEARCH_USER_PATHS = NO;
				CLANG_ANALYZER_NONNULL = YES;
				CLANG_ANALYZER_NUMBER_OBJECT_CONVERSION = YES_AGGRESSIVE;
				CLANG_CXX_LANGUAGE_STANDARD = "gnu++14";
				CLANG_CXX_LIBRARY = "libc++";
				CLANG_ENABLE_MODULES = YES;
				CLANG_ENABLE_OBJC_ARC = YES;
				CLANG_ENABLE_OBJC_WEAK = YES;
				CLANG_WARN_BLOCK_CAPTURE_AUTORELEASING = YES;
				CLANG_WARN_BOOL_CONVERSION = YES;
				CLANG_WARN_COMMA = YES;
				CLANG_WARN_CONSTANT_CONVERSION = YES;
				CLANG_WARN_DEPRECATED_OBJC_IMPLEMENTATIONS = YES;
				CLANG_WARN_DIRECT_OBJC_ISA_USAGE = YES_ERROR;
				CLANG_WARN_DOCUMENTATION_COMMENTS = YES;
				CLANG_WARN_EMPTY_BODY = YES;
				CLANG_WARN_ENUM_CONVERSION = YES;
				CLANG_WARN_INFINITE_RECURSION = YES;
				CLANG_WARN_INT_CONVERSION = YES;
				CLANG_WARN_NON_LITERAL_NULL_CONVERSION = YES;
				CLANG_WARN_OBJC_IMPLICIT_RETAIN_SELF = YES;
				CLANG_WARN_OBJC_LITERAL_CONVERSION = YES;
				CLANG_WARN_OBJC_ROOT_CLASS = YES_ERROR;
				CLANG_WARN_QUOTED_INCLUDE_IN_FRAMEWORK_HEADER = YES;
				CLANG_WARN_RANGE_LOOP_ANALYSIS = YES;
				CLANG_WARN_STRICT_PROTOTYPES = YES;
				CLANG_WARN_SUSPICIOUS_MOVE = YES;
				CLANG_WARN_UNGUARDED_AVAILABILITY = YES_AGGRESSIVE;
				CLANG_WARN_UNREACHABLE_CODE = YES;
				CLANG_WARN__DUPLICATE_METHOD_MATCH = YES;
				COPY_PHASE_STRIP = NO;
				DEBUG_INFORMATION_FORMAT = "dwarf-with-dsym";
				ENABLE_NS_ASSERTIONS = NO;
				ENABLE_PREVIEWS = YES;
				ENABLE_STRICT_OBJC_MSGSEND = YES;
				GCC_C_LANGUAGE_STANDARD = gnu11;
				GCC_NO_COMMON_BLOCKS = YES;
				GCC_WARN_64_TO_32_BIT_CONVERSION = YES;
				GCC_WARN_ABOUT_RETURN_TYPE = YES_ERROR;
				GCC_WARN_UNDECLARED_SELECTOR = YES;
				GCC_WARN_UNINITIALIZED_AUTOS = YES_AGGRESSIVE;
				GCC_WARN_UNUSED_FUNCTION = YES;
				GCC_WARN_UNUSED_VARIABLE = YES;
				IPHONEOS_DEPLOYMENT_TARGET = 17.0;
				MTL_ENABLE_DEBUG_INFO = NO;
				MTL_FAST_MATH = YES;
				PRODUCT_NAME = "$(TARGET_NAME)";
				SDKROOT = iphoneos;
				SWIFT_COMPILATION_MODE = wholemodule;
				SWIFT_OPTIMIZATION_LEVEL = "-O";
				SWIFT_VERSION = 6.0;
			};
			name = Release;
		};
		4E50F3512425A2111CA86811 /* Debug */ = {
			isa = XCBuildConfiguration;
			buildSettings = {
				ASSETCATALOG_COMPILER_APPICON_NAME = AppIcon;
				CODE_SIGN_IDENTITY = "iPhone Developer";
				CODE_SIGN_STYLE = Automatic;
				CURRENT_PROJECT_VERSION = 1;
				GENERATE_INFOPLIST_FILE = NO;
				INFOPLIST_FILE = P4CE/Info.plist;
				LD_RUNPATH_SEARCH_PATHS = (
					"$(inherited)",
					"@executable_path/Frameworks",
				);
				MARKETING_VERSION = 1.0;
				PRODUCT_BUNDLE_IDENTIFIER = com.p4ce.app;
				PRODUCT_NAME = P4CE;
				SDKROOT = iphoneos;
				SWIFT_ACTIVE_COMPILATION_CONDITIONS = DEBUG;
				SWIFT_EMIT_LOC_STRINGS = YES;
				TARGETED_DEVICE_FAMILY = 1;
			};
			name = Debug;
		};
		6478AA4EDF7C1A1C4F21D98F /* Release */ = {
			isa = XCBuildConfiguration;
			buildSettings = {
				BUNDLE_LOADER = "$(TEST_HOST)";
				CURRENT_PROJECT_VERSION = 1;
				GENERATE_INFOPLIST_FILE = YES;
				LD_RUNPATH_SEARCH_PATHS = (
					"$(inherited)",
					"@executable_path/Frameworks",
					"@loader_path/Frameworks",
				);
				MARKETING_VERSION = 1.0;
				PRODUCT_BUNDLE_IDENTIFIER = com.p4ce.app.tests;
				SDKROOT = iphoneos;
				TARGETED_DEVICE_FAMILY = "1,2";
				TEST_HOST = "$(BUILT_PRODUCTS_DIR)/P4CE.app/$(BUNDLE_EXECUTABLE_FOLDER_PATH)/P4CE";
			};
			name = Release;
		};
		898DED66F485F3300B399918 /* Release */ = {
			isa = XCBuildConfiguration;
			buildSettings = {
				ASSETCATALOG_COMPILER_APPICON_NAME = AppIcon;
				CODE_SIGN_IDENTITY = "iPhone Developer";
				CODE_SIGN_STYLE = Automatic;
				CURRENT_PROJECT_VERSION = 1;
				GENERATE_INFOPLIST_FILE = NO;
				INFOPLIST_FILE = P4CE/Info.plist;
				LD_RUNPATH_SEARCH_PATHS = (
					"$(inherited)",
					"@executable_path/Frameworks",
				);
				MARKETING_VERSION = 1.0;
				PRODUCT_BUNDLE_IDENTIFIER = com.p4ce.app;
				PRODUCT_NAME = P4CE;
				SDKROOT = iphoneos;
				SWIFT_EMIT_LOC_STRINGS = YES;
				TARGETED_DEVICE_FAMILY = 1;
			};
			name = Release;
		};
		B8E76F09E6AB4FA16EC543E9 /* Debug */ = {
			isa = XCBuildConfiguration;
			buildSettings = {
				ALWAYS_SEARCH_USER_PATHS = NO;
				CLANG_ANALYZER_NONNULL = YES;
				CLANG_ANALYZER_NUMBER_OBJECT_CONVERSION = YES_AGGRESSIVE;
				CLANG_CXX_LANGUAGE_STANDARD = "gnu++14";
				CLANG_CXX_LIBRARY = "libc++";
				CLANG_ENABLE_MODULES = YES;
				CLANG_ENABLE_OBJC_ARC = YES;
				CLANG_ENABLE_OBJC_WEAK = YES;
				CLANG_WARN_BLOCK_CAPTURE_AUTORELEASING = YES;
				CLANG_WARN_BOOL_CONVERSION = YES;
				CLANG_WARN_COMMA = YES;
				CLANG_WARN_CONSTANT_CONVERSION = YES;
				CLANG_WARN_DEPRECATED_OBJC_IMPLEMENTATIONS = YES;
				CLANG_WARN_DIRECT_OBJC_ISA_USAGE = YES_ERROR;
				CLANG_WARN_DOCUMENTATION_COMMENTS = YES;
				CLANG_WARN_EMPTY_BODY = YES;
				CLANG_WARN_ENUM_CONVERSION = YES;
				CLANG_WARN_INFINITE_RECURSION = YES;
				CLANG_WARN_INT_CONVERSION = YES;
				CLANG_WARN_NON_LITERAL_NULL_CONVERSION = YES;
				CLANG_WARN_OBJC_IMPLICIT_RETAIN_SELF = YES;
				CLANG_WARN_OBJC_LITERAL_CONVERSION = YES;
				CLANG_WARN_OBJC_ROOT_CLASS = YES_ERROR;
				CLANG_WARN_QUOTED_INCLUDE_IN_FRAMEWORK_HEADER = YES;
				CLANG_WARN_RANGE_LOOP_ANALYSIS = YES;
				CLANG_WARN_STRICT_PROTOTYPES = YES;
				CLANG_WARN_SUSPICIOUS_MOVE = YES;
				CLANG_WARN_UNGUARDED_AVAILABILITY = YES_AGGRESSIVE;
				CLANG_WARN_UNREACHABLE_CODE = YES;
				CLANG_WARN__DUPLICATE_METHOD_MATCH = YES;
				COPY_PHASE_STRIP = NO;
				DEBUG_INFORMATION_FORMAT = dwarf;
				ENABLE_PREVIEWS = YES;
				ENABLE_STRICT_OBJC_MSGSEND = YES;
				ENABLE_TESTABILITY = YES;
				GCC_C_LANGUAGE_STANDARD = gnu11;
				GCC_DYNAMIC_NO_PIC = NO;
				GCC_NO_COMMON_BLOCKS = YES;
				GCC_OPTIMIZATION_LEVEL = 0;
				GCC_PREPROCESSOR_DEFINITIONS = (
					"$(inherited)",
					"DEBUG=1",
				);
				GCC_WARN_64_TO_32_BIT_CONVERSION = YES;
				GCC_WARN_ABOUT_RETURN_TYPE = YES_ERROR;
				GCC_WARN_UNDECLARED_SELECTOR = YES;
				GCC_WARN_UNINITIALIZED_AUTOS = YES_AGGRESSIVE;
				GCC_WARN_UNUSED_FUNCTION = YES;
				GCC_WARN_UNUSED_VARIABLE = YES;
				IPHONEOS_DEPLOYMENT_TARGET = 17.0;
				MTL_ENABLE_DEBUG_INFO = INCLUDE_SOURCE;
				MTL_FAST_MATH = YES;
				ONLY_ACTIVE_ARCH = YES;
				PRODUCT_NAME = "$(TARGET_NAME)";
				SDKROOT = iphoneos;
				SWIFT_ACTIVE_COMPILATION_CONDITIONS = DEBUG;
				SWIFT_OPTIMIZATION_LEVEL = "-Onone";
				SWIFT_VERSION = 6.0;
			};
			name = Debug;
		};
		D0189DF25B82C537091C3C75 /* Debug */ = {
			isa = XCBuildConfiguration;
			buildSettings = {
				BUNDLE_LOADER = "$(TEST_HOST)";
				CURRENT_PROJECT_VERSION = 1;
				GENERATE_INFOPLIST_FILE = YES;
				LD_RUNPATH_SEARCH_PATHS = (
					"$(inherited)",
					"@executable_path/Frameworks",
					"@loader_path/Frameworks",
				);
				MARKETING_VERSION = 1.0;
				PRODUCT_BUNDLE_IDENTIFIER = com.p4ce.app.tests;
				SDKROOT = iphoneos;
				TARGETED_DEVICE_FAMILY = "1,2";
				TEST_HOST = "$(BUILT_PRODUCTS_DIR)/P4CE.app/$(BUNDLE_EXECUTABLE_FOLDER_PATH)/P4CE";
			};
			name = Debug;
		};
/* End XCBuildConfiguration section */

/* Begin XCConfigurationList section */
		0A3D6E69572797FEAAC6A097 /* Build configuration list for PBXProject "P4CE" */ = {
			isa = XCConfigurationList;
			buildConfigurations = (
				B8E76F09E6AB4FA16EC543E9 /* Debug */,
				2B44F583125F75371C17D61A /* Release */,
			);
			defaultConfigurationIsVisible = 0;
			defaultConfigurationName = Debug;
		};
		0C4569CBC96296C32EA17725 /* Build configuration list for PBXNativeTarget "P4CETests" */ = {
			isa = XCConfigurationList;
			buildConfigurations = (
				D0189DF25B82C537091C3C75 /* Debug */,
				6478AA4EDF7C1A1C4F21D98F /* Release */,
			);
			defaultConfigurationIsVisible = 0;
			defaultConfigurationName = Debug;
		};
		8A7F9FE959FCC6392C65CF41 /* Build configuration list for PBXNativeTarget "P4CE" */ = {
			isa = XCConfigurationList;
			buildConfigurations = (
				4E50F3512425A2111CA86811 /* Debug */,
				898DED66F485F3300B399918 /* Release */,
			);
			defaultConfigurationIsVisible = 0;
			defaultConfigurationName = Debug;
		};
/* End XCConfigurationList section */
	};
	rootObject = 899828678E75041D2D424F46 /* Project object */;
}
